
Microsoft Visual Studio Solution File, Format Version 12.00
# Visual Studio Version 16
VisualStudioVersion = 16.0.30711.63
MinimumVisualStudioVersion = 10.0.40219.1
Project("{FAE04EC0-301F-11D3-BF4B-00C04F79EFBC}") = "ChannelsExample", "ChannelsExample\ChannelsExample.csproj", "{B21646D1-07FD-4785-8537-7DD9FCB7A400}"
EndProject
Global
	GlobalSection(SolutionConfigurationPlatforms) = preSolution
		Debug|Any CPU = Debug|Any CPU
		Release|Any CPU = Release|Any CPU
	EndGlobalSection
	GlobalSection(ProjectConfigurationPlatforms) = postSolution
		{B21646D1-07FD-4785-8537-7DD9FCB7A400}.Debug|Any CPU.ActiveCfg = Debug|Any CPU
		{B21646D1-07FD-4785-8537-7DD9FCB7A400}.Debug|Any CPU.Build.0 = Debug|Any CPU
		{B21646D1-07FD-4785-8537-7DD9FCB7A400}.Release|Any CPU.ActiveCfg = Release|Any CPU
		{B21646D1-07FD-4785-8537-7DD9FCB7A400}.Release|Any CPU.Build.0 = Release|Any CPU
	EndGlobalSection
	GlobalSection(SolutionProperties) = preSolution
		HideSolutionNode = FALSE
	EndGlobalSection
	GlobalSection(ExtensibilityGlobals) = postSolution
		SolutionGuid = {0863D6C1-A2FD-4BEF-AD07-A7150E1BE9DF}
	EndGlobalSection
EndGlobal
